
Microsoft Visual Studio Solution File, Format Version 12.00
# Visual Studio 15
VisualStudioVersion = 15.0.28307.572
MinimumVisualStudioVersion = 10.0.40219.1
Project("{FAE04EC0-301F-11D3-BF4B-00C04F79EFBC}") = "ExcelUploader", "ExcelUploader\ExcelUploader.csproj", "{B72C3E3A-BCBD-4820-87C0-CABF69D57427}"
EndProject
Project("{FAE04EC0-301F-11D3-BF4B-00C04F79EFBC}") = "ExcelUploader.DataAccessLayer", "ExcelUploader.DataAccessLayer\ExcelUploader.DataAccessLayer.csproj", "{69CAFA1E-A25D-46AC-B52B-8FE21B3E7CD4}"
EndProject
Project("{FAE04EC0-301F-11D3-BF4B-00C04F79EFBC}") = "ExcelUploader.BusinessLogicLayer", "ExcelUploader.BusinessLogicLayer\ExcelUploader.BusinessLogicLayer.csproj", "{BFC0033E-7C83-4947-BC56-96A19929F55F}"
EndProject
Project("{FAE04EC0-301F-11D3-BF4B-00C04F79EFBC}") = "ExcelUploader.Models", "ExcelUploader.Models\ExcelUploader.Models.csproj", "{513139CF-7586-48E1-962D-B622480BA4B2}"
EndProject
Global
	GlobalSection(SolutionConfigurationPlatforms) = preSolution
		Debug|Any CPU = Debug|Any CPU
		Release|Any CPU = Release|Any CPU
	EndGlobalSection
	GlobalSection(ProjectConfigurationPlatforms) = postSolution
		{B72C3E3A-BCBD-4820-87C0-CABF69D57427}.Debug|Any CPU.ActiveCfg = Debug|Any CPU
		{B72C3E3A-BCBD-4820-87C0-CABF69D57427}.Debug|Any CPU.Build.0 = Debug|Any CPU
		{B72C3E3A-BCBD-4820-87C0-CABF69D57427}.Release|Any CPU.ActiveCfg = Release|Any CPU
		{B72C3E3A-BCBD-4820-87C0-CABF69D57427}.Release|Any CPU.Build.0 = Release|Any CPU
		{69CAFA1E-A25D-46AC-B52B-8FE21B3E7CD4}.Debug|Any CPU.ActiveCfg = Debug|Any CPU
		{69CAFA1E-A25D-46AC-B52B-8FE21B3E7CD4}.Debug|Any CPU.Build.0 = Debug|Any CPU
		{69CAFA1E-A25D-46AC-B52B-8FE21B3E7CD4}.Release|Any CPU.ActiveCfg = Release|Any CPU
		{69CAFA1E-A25D-46AC-B52B-8FE21B3E7CD4}.Release|Any CPU.Build.0 = Release|Any CPU
		{BFC0033E-7C83-4947-BC56-96A19929F55F}.Debug|Any CPU.ActiveCfg = Debug|Any CPU
		{BFC0033E-7C83-4947-BC56-96A19929F55F}.Debug|Any CPU.Build.0 = Debug|Any CPU
		{BFC0033E-7C83-4947-BC56-96A19929F55F}.Release|Any CPU.ActiveCfg = Release|Any CPU
		{BFC0033E-7C83-4947-BC56-96A19929F55F}.Release|Any CPU.Build.0 = Release|Any CPU
		{513139CF-7586-48E1-962D-B622480BA4B2}.Debug|Any CPU.ActiveCfg = Debug|Any CPU
		{513139CF-7586-48E1-962D-B622480BA4B2}.Debug|Any CPU.Build.0 = Debug|Any CPU
		{513139CF-7586-48E1-962D-B622480BA4B2}.Release|Any CPU.ActiveCfg = Release|Any CPU
		{513139CF-7586-48E1-962D-B622480BA4B2}.Release|Any CPU.Build.0 = Release|Any CPU
	EndGlobalSection
	GlobalSection(SolutionProperties) = preSolution
		HideSolutionNode = FALSE
	EndGlobalSection
	GlobalSection(ExtensibilityGlobals) = postSolution
		SolutionGuid = {8A790CA5-4762-4384-909F-964470D63F22}
	EndGlobalSection
EndGlobal
